<?xml version="1.0" encoding="utf-8"?>
<Project ToolsVersion="4.0" xmlns="http://schemas.microsoft.com/developer/msbuild/2003">
  <ItemGroup>
    <Filter Include="Source Files">
      <UniqueIdentifier>{4FC737F1-C7A5-4376-A066-2A32D752A2FF}</UniqueIdentifier>
      <Extensions>cpp;c;cc;cxx;c++;cppm;ixx;def;odl;idl;hpj;bat;asm;asmx</Extensions>
    </Filter>
    <Filter Include="Header Files">
      <UniqueIdentifier>{93995380-89BD-4b04-88EB-625FBE52EBFB}</UniqueIdentifier>
      <Extensions>h;hh;hpp;hxx;h++;hm;inl;inc;ipp;xsd</Extensions>
    </Filter>
    <Filter Include="Resource Files">
      <UniqueIdentifier>{67DA6AB6-F800-4c08-8B7A-83BB121AAD01}</UniqueIdentifier>
      <Extensions>rc;ico;cur;bmp;dlg;rc2;rct;bin;rgs;gif;jpg;jpeg;jpe;resx;tiff;tif;png;wav;mfcribbon-ms</Extensions>
    </Filter>
  </ItemGroup>
  <ItemGroup>
    <ClCompile Include="Main.cpp">
      <Filter>Source Files</Filter>
    </ClCompile>
    <ClCompile Include="Dice Files\Dice.cpp">
      <Filter>Source Files</Filter>
    </ClCompile>
    <ClCompile Include="Dice Files\Face.cpp">
      <Filter>Source Files</Filter>
    </ClCompile>
    <ClCompile Include="Dice Files\Set.cpp">
      <Filter>Source Files</Filter>
    </ClCompile>
  </ItemGroup>
  <ItemGroup>
    <ClInclude Include="Dice Files\Dice.h">
      <Filter>Header Files</Filter>
    </ClInclude>
    <ClInclude Include="Dice Files\Face.h">
      <Filter>Header Files</Filter>
    </ClInclude>
    <ClInclude Include="Dice Files\Set.h">
      <Filter>Header Files</Filter>
    </ClInclude>
    <ClInclude Include="Lists Files\ArrayList.h">
      <Filter>Header Files</Filter>
    </ClInclude>
    <ClInclude Include="Lists Files\IList.h">
      <Filter>Header Files</Filter>
    </ClInclude>
    <ClInclude Include="Lists Files\LinkedList.h">
      <Filter>Header Files</Filter>
    </ClInclude>
    <ClInclude Include="Lists Files\ListSorter.h">
      <Filter>Header Files</Filter>
    </ClInclude>
    <ClInclude Include="Lists Files\Node.h">
      <Filter>Header Files</Filter>
    </ClInclude>
    <ClInclude Include="Lists Files\VectorList.h">
      <Filter>Header Files</Filter>
    </ClInclude>
    <ClInclude Include="Lists Files\Iterators\Iterator.h">
      <Filter>Header Files</Filter>
    </ClInclude>
    <ClInclude Include="Lists Files\Iterators\IEnumerable.h">
      <Filter>Header Files</Filter>
    </ClInclude>
    <ClInclude Include="Lists Files\Iterators\NodeIterator.h">
      <Filter>Header Files</Filter>
    </ClInclude>
    <ClInclude Include="Lists Files\Iterators\IArrayCollection.h">
      <Filter>Header Files</Filter>
    </ClInclude>
    <ClInclude Include="Lists Files\Iterators\ArrayIterator.h">
      <Filter>Header Files</Filter>
    </ClInclude>
    <ClInclude Include="Lists Files\Sorts\ArraySort\IArraySort.h">
      <Filter>Header Files</Filter>
    </ClInclude>
    <ClInclude Include="Lists Files\Sorts\NodeSort\INodeSort.h">
      <Filter>Header Files</Filter>
    </ClInclude>
    <ClInclude Include="Lists Files\Sorts\ArraySort\ArrayGnomeSort.h">
      <Filter>Header Files</Filter>
    </ClInclude>
    <ClInclude Include="Lists Files\Sorts\ArraySort\ArrayBubbleSort.h">
      <Filter>Header Files</Filter>
    </ClInclude>
    <ClInclude Include="Lists Files\Sorts\ArraySort\ArraySelectionSort.h">
      <Filter>Header Files</Filter>
    </ClInclude>
    <ClInclude Include="Lists Files\Sorts\ArraySort\ArrayInsertionSort.h">
      <Filter>Header Files</Filter>
    </ClInclude>
    <ClInclude Include="Lists Files\Sorts\ArraySort\ArrayQuickSort.h">
      <Filter>Header Files</Filter>
    </ClInclude>
    <ClInclude Include="Lists Files\Sorts\ArraySort\ArrayCountingSort.h">
      <Filter>Header Files</Filter>
    </ClInclude>
    <ClInclude Include="Lists Files\Sorts\ArraySort\ArrayBucketSort.h">
      <Filter>Header Files</Filter>
    </ClInclude>
    <ClInclude Include="Lists Files\Sorts\NodeSort\NodeBubbleSort.h">
      <Filter>Header Files</Filter>
    </ClInclude>
    <ClInclude Include="Lists Files\Sorts\NodeSort\NodeBucketSort.h">
      <Filter>Header Files</Filter>
    </ClInclude>
    <ClInclude Include="Lists Files\Sorts\NodeSort\NodeCountingSort.h">
      <Filter>Header Files</Filter>
    </ClInclude>
    <ClInclude Include="Lists Files\Sorts\NodeSort\NodeGnomeSort.h">
      <Filter>Header Files</Filter>
    </ClInclude>
    <ClInclude Include="Lists Files\Sorts\NodeSort\NodeInsertionSort.h">
      <Filter>Header Files</Filter>
    </ClInclude>
    <ClInclude Include="Lists Files\Sorts\NodeSort\NodeQuickSort.h">
      <Filter>Header Files</Filter>
    </ClInclude>
    <ClInclude Include="Lists Files\Sorts\NodeSort\NodeSelectionSort.h">
      <Filter>Header Files</Filter>
    </ClInclude>
    <ClInclude Include="Lists Files\Sorts\ArraySort\ArrayMergeSort.h">
      <Filter>Header Files</Filter>
    </ClInclude>
  </ItemGroup>
  <ItemGroup>
    <None Include="Lists Files\Iterators\INodeCollection.h" />
  </ItemGroup>
</Project>